
Microsoft Visual Studio Solution File, Format Version 12.00
# Visual Studio Version 17
VisualStudioVersion = 17.7.34202.233
MinimumVisualStudioVersion = 10.0.40219.1
Project("{8BC9CEB8-8B4A-11D0-8D11-00A0C91BC942}") = "Game", "Game\Game.vcxproj", "{EC0754AA-C9BE-4595-8E0D-D92DEC3FCEA7}"
	ProjectSection(ProjectDependencies) = postProject
		{1F50FE4D-6C3C-4D30-8BFB-162A360DA9A0} = {1F50FE4D-6C3C-4D30-8BFB-162A360DA9A0}
		{D5E64A41-FCB7-4BFB-9B40-77301A989412} = {D5E64A41-FCB7-4BFB-9B40-77301A989412}
	EndProjectSection
EndProject
Project("{8BC9CEB8-8B4A-11D0-8D11-00A0C91BC942}") = "RenderSDL", "RenderSDL\RenderSDL.vcxproj", "{1F50FE4D-6C3C-4D30-8BFB-162A360DA9A0}"
EndProject
Project("{8BC9CEB8-8B4A-11D0-8D11-00A0C91BC942}") = "RenderRL", "RenderRL\RenderRL.vcxproj", "{D5E64A41-FCB7-4BFB-9B40-77301A989412}"
EndProject
Project("{8BC9CEB8-8B4A-11D0-8D11-00A0C91BC942}") = "RenderBase", "RenderBase\RenderBase.vcxproj", "{088864D9-BF01-476D-B20D-750F03F01543}"
EndProject
Global
	GlobalSection(SolutionConfigurationPlatforms) = preSolution
		Debug_Raylib|x64 = Debug_Raylib|x64
		Debug_Raylib|x86 = Debug_Raylib|x86
		Debug_SDL|x64 = Debug_SDL|x64
		Debug_SDL|x86 = Debug_SDL|x86
		Debug|x64 = Debug|x64
		Debug|x86 = Debug|x86
		Release|x64 = Release|x64
		Release|x86 = Release|x86
	EndGlobalSection
	GlobalSection(ProjectConfigurationPlatforms) = postSolution
		{EC0754AA-C9BE-4595-8E0D-D92DEC3FCEA7}.Debug_Raylib|x64.ActiveCfg = Debug_Raylib|x64
		{EC0754AA-C9BE-4595-8E0D-D92DEC3FCEA7}.Debug_Raylib|x64.Build.0 = Debug_Raylib|x64
		{EC0754AA-C9BE-4595-8E0D-D92DEC3FCEA7}.Debug_Raylib|x86.ActiveCfg = Debug_Raylib|Win32
		{EC0754AA-C9BE-4595-8E0D-D92DEC3FCEA7}.Debug_Raylib|x86.Build.0 = Debug_Raylib|Win32
		{EC0754AA-C9BE-4595-8E0D-D92DEC3FCEA7}.Debug_SDL|x64.ActiveCfg = Debug_SDL|x64
		{EC0754AA-C9BE-4595-8E0D-D92DEC3FCEA7}.Debug_SDL|x64.Build.0 = Debug_SDL|x64
		{EC0754AA-C9BE-4595-8E0D-D92DEC3FCEA7}.Debug_SDL|x86.ActiveCfg = Debug_SDL|Win32
		{EC0754AA-C9BE-4595-8E0D-D92DEC3FCEA7}.Debug_SDL|x86.Build.0 = Debug_SDL|Win32
		{EC0754AA-C9BE-4595-8E0D-D92DEC3FCEA7}.Debug|x64.ActiveCfg = Debug_SDL|x64
		{EC0754AA-C9BE-4595-8E0D-D92DEC3FCEA7}.Debug|x64.Build.0 = Debug_SDL|x64
		{EC0754AA-C9BE-4595-8E0D-D92DEC3FCEA7}.Debug|x86.ActiveCfg = Debug_SDL|Win32
		{EC0754AA-C9BE-4595-8E0D-D92DEC3FCEA7}.Debug|x86.Build.0 = Debug_SDL|Win32
		{EC0754AA-C9BE-4595-8E0D-D92DEC3FCEA7}.Release|x64.ActiveCfg = Release|x64
		{EC0754AA-C9BE-4595-8E0D-D92DEC3FCEA7}.Release|x64.Build.0 = Release|x64
		{EC0754AA-C9BE-4595-8E0D-D92DEC3FCEA7}.Release|x86.ActiveCfg = Release|Win32
		{EC0754AA-C9BE-4595-8E0D-D92DEC3FCEA7}.Release|x86.Build.0 = Release|Win32
		{1F50FE4D-6C3C-4D30-8BFB-162A360DA9A0}.Debug_Raylib|x64.ActiveCfg = Debug|x64
		{1F50FE4D-6C3C-4D30-8BFB-162A360DA9A0}.Debug_Raylib|x86.ActiveCfg = Debug|Win32
		{1F50FE4D-6C3C-4D30-8BFB-162A360DA9A0}.Debug_Raylib|x86.Build.0 = Debug|Win32
		{1F50FE4D-6C3C-4D30-8BFB-162A360DA9A0}.Debug_SDL|x64.ActiveCfg = Debug|x64
		{1F50FE4D-6C3C-4D30-8BFB-162A360DA9A0}.Debug_SDL|x64.Build.0 = Debug|x64
		{1F50FE4D-6C3C-4D30-8BFB-162A360DA9A0}.Debug_SDL|x86.ActiveCfg = Debug|Win32
		{1F50FE4D-6C3C-4D30-8BFB-162A360DA9A0}.Debug_SDL|x86.Build.0 = Debug|Win32
		{1F50FE4D-6C3C-4D30-8BFB-162A360DA9A0}.Debug|x64.ActiveCfg = Debug|x64
		{1F50FE4D-6C3C-4D30-8BFB-162A360DA9A0}.Debug|x64.Build.0 = Debug|x64
		{1F50FE4D-6C3C-4D30-8BFB-162A360DA9A0}.Debug|x86.ActiveCfg = Debug|Win32
		{1F50FE4D-6C3C-4D30-8BFB-162A360DA9A0}.Debug|x86.Build.0 = Debug|Win32
		{1F50FE4D-6C3C-4D30-8BFB-162A360DA9A0}.Release|x64.ActiveCfg = Release|x64
		{1F50FE4D-6C3C-4D30-8BFB-162A360DA9A0}.Release|x64.Build.0 = Release|x64
		{1F50FE4D-6C3C-4D30-8BFB-162A360DA9A0}.Release|x86.ActiveCfg = Release|Win32
		{1F50FE4D-6C3C-4D30-8BFB-162A360DA9A0}.Release|x86.Build.0 = Release|Win32
		{D5E64A41-FCB7-4BFB-9B40-77301A989412}.Debug_Raylib|x64.ActiveCfg = Debug|x64
		{D5E64A41-FCB7-4BFB-9B40-77301A989412}.Debug_Raylib|x64.Build.0 = Debug|x64
		{D5E64A41-FCB7-4BFB-9B40-77301A989412}.Debug_Raylib|x86.ActiveCfg = Debug|Win32
		{D5E64A41-FCB7-4BFB-9B40-77301A989412}.Debug_Raylib|x86.Build.0 = Debug|Win32
		{D5E64A41-FCB7-4BFB-9B40-77301A989412}.Debug_SDL|x64.ActiveCfg = Debug|x64
		{D5E64A41-FCB7-4BFB-9B40-77301A989412}.Debug_SDL|x86.ActiveCfg = Debug|Win32
		{D5E64A41-FCB7-4BFB-9B40-77301A989412}.Debug_SDL|x86.Build.0 = Debug|Win32
		{D5E64A41-FCB7-4BFB-9B40-77301A989412}.Debug|x64.ActiveCfg = Debug|x64
		{D5E64A41-FCB7-4BFB-9B40-77301A989412}.Debug|x64.Build.0 = Debug|x64
		{D5E64A41-FCB7-4BFB-9B40-77301A989412}.Debug|x86.ActiveCfg = Debug|Win32
		{D5E64A41-FCB7-4BFB-9B40-77301A989412}.Debug|x86.Build.0 = Debug|Win32
		{D5E64A41-FCB7-4BFB-9B40-77301A989412}.Release|x64.ActiveCfg = Release|x64
		{D5E64A41-FCB7-4BFB-9B40-77301A989412}.Release|x64.Build.0 = Release|x64
		{D5E64A41-FCB7-4BFB-9B40-77301A989412}.Release|x86.ActiveCfg = Release|Win32
		{D5E64A41-FCB7-4BFB-9B40-77301A989412}.Release|x86.Build.0 = Release|Win32
		{088864D9-BF01-476D-B20D-750F03F01543}.Debug_Raylib|x64.ActiveCfg = Debug|x64
		{088864D9-BF01-476D-B20D-750F03F01543}.Debug_Raylib|x64.Build.0 = Debug|x64
		{088864D9-BF01-476D-B20D-750F03F01543}.Debug_Raylib|x86.ActiveCfg = Debug|Win32
		{088864D9-BF01-476D-B20D-750F03F01543}.Debug_Raylib|x86.Build.0 = Debug|Win32
		{088864D9-BF01-476D-B20D-750F03F01543}.Debug_SDL|x64.ActiveCfg = Debug|x64
		{088864D9-BF01-476D-B20D-750F03F01543}.Debug_SDL|x64.Build.0 = Debug|x64
		{088864D9-BF01-476D-B20D-750F03F01543}.Debug_SDL|x86.ActiveCfg = Debug|Win32
		{088864D9-BF01-476D-B20D-750F03F01543}.Debug_SDL|x86.Build.0 = Debug|Win32
		{088864D9-BF01-476D-B20D-750F03F01543}.Debug|x64.ActiveCfg = Debug|x64
		{088864D9-BF01-476D-B20D-750F03F01543}.Debug|x64.Build.0 = Debug|x64
		{088864D9-BF01-476D-B20D-750F03F01543}.Debug|x86.ActiveCfg = Debug|Win32
		{088864D9-BF01-476D-B20D-750F03F01543}.Debug|x86.Build.0 = Debug|Win32
		{088864D9-BF01-476D-B20D-750F03F01543}.Release|x64.ActiveCfg = Release|x64
		{088864D9-BF01-476D-B20D-750F03F01543}.Release|x64.Build.0 = Release|x64
		{088864D9-BF01-476D-B20D-750F03F01543}.Release|x86.ActiveCfg = Release|Win32
		{088864D9-BF01-476D-B20D-750F03F01543}.Release|x86.Build.0 = Release|Win32
	EndGlobalSection
	GlobalSection(SolutionProperties) = preSolution
		HideSolutionNode = FALSE
	EndGlobalSection
	GlobalSection(ExtensibilityGlobals) = postSolution
		SolutionGuid = {EA353B52-A268-4740-A1F5-1AED2689F227}
	EndGlobalSection
EndGlobal
